PODS:
  - Alamofire (4.8.2)
  - IQKeyboardManagerSwift (6.3.0)
  - SwiftSpinner (1.6.2)
  - SwiftyDrop (4.2.0)

DEPENDENCIES:
  - Alamofire
  - IQKeyboardManagerSwift
  - SwiftSpinner
  - SwiftyDrop

SPEC REPOS:
  https://github.com/cocoapods/specs.git:
    - Alamofire
    - IQKeyboardManagerSwift
    - SwiftSpinner
    - SwiftyDrop

SPEC CHECKSUMS:
  Alamofire: ae5c501addb7afdbb13687d7f2f722c78734c2d3
  IQKeyboardManagerSwift: a8228c257614af98743b4cd8584637025f36358f
  SwiftSpinner: 3a4c6dea425e5a31b908a8b1dd5dcd1ad4d96340
  SwiftyDrop: c5b306082dfbd7d6b9c1e569dcdd2ab13306e552

PODFILE CHECKSUM: 937c48d4f0d5223af204b2b57324f6c6762e6794

COCOAPODS: 1.7.0
